
Microsoft Visual Studio Solution File, Format Version 12.00
# Visual Studio 15
VisualStudioVersion = 15.0.35706.147
MinimumVisualStudioVersion = 10.0.40219.1
Project("{8BC9CEB8-8B4A-11D0-8D11-00A0C91BC942}") = "TestApp", "TestApp\TestApp.vcxproj", "{2FF61806-9350-4D21-A254-64C156C11193}"
EndProject
Project("{888888A0-9F3D-457C-B088-3A5042F75D52}") = "PythonTest", "PythonTest\PythonTest.pyproj", "{3164D7A2-1AFE-41D1-9992-16B44D34322B}"
EndProject
Global
	GlobalSection(SolutionConfigurationPlatforms) = preSolution
		Debug|Any CPU = Debug|Any CPU
		Debug|x64 = Debug|x64
		Debug|x86 = Debug|x86
		Release|Any CPU = Release|Any CPU
		Release|x64 = Release|x64
		Release|x86 = Release|x86
	EndGlobalSection
	GlobalSection(ProjectConfigurationPlatforms) = postSolution
		{2FF61806-9350-4D21-A254-64C156C11193}.Debug|Any CPU.ActiveCfg = Debug|Win32
		{2FF61806-9350-4D21-A254-64C156C11193}.Debug|x64.ActiveCfg = Debug|x64
		{2FF61806-9350-4D21-A254-64C156C11193}.Debug|x64.Build.0 = Debug|x64
		{2FF61806-9350-4D21-A254-64C156C11193}.Debug|x86.ActiveCfg = Debug|Win32
		{2FF61806-9350-4D21-A254-64C156C11193}.Debug|x86.Build.0 = Debug|Win32
		{2FF61806-9350-4D21-A254-64C156C11193}.Release|Any CPU.ActiveCfg = Release|Win32
		{2FF61806-9350-4D21-A254-64C156C11193}.Release|x64.ActiveCfg = Release|x64
		{2FF61806-9350-4D21-A254-64C156C11193}.Release|x64.Build.0 = Release|x64
		{2FF61806-9350-4D21-A254-64C156C11193}.Release|x86.ActiveCfg = Release|Win32
		{2FF61806-9350-4D21-A254-64C156C11193}.Release|x86.Build.0 = Release|Win32
		{3164D7A2-1AFE-41D1-9992-16B44D34322B}.Debug|Any CPU.ActiveCfg = Debug|Any CPU
		{3164D7A2-1AFE-41D1-9992-16B44D34322B}.Debug|x64.ActiveCfg = Debug|Any CPU
		{3164D7A2-1AFE-41D1-9992-16B44D34322B}.Debug|x86.ActiveCfg = Debug|Any CPU
		{3164D7A2-1AFE-41D1-9992-16B44D34322B}.Release|Any CPU.ActiveCfg = Release|Any CPU
		{3164D7A2-1AFE-41D1-9992-16B44D34322B}.Release|x64.ActiveCfg = Release|Any CPU
		{3164D7A2-1AFE-41D1-9992-16B44D34322B}.Release|x86.ActiveCfg = Release|Any CPU
	EndGlobalSection
	GlobalSection(SolutionProperties) = preSolution
		HideSolutionNode = FALSE
	EndGlobalSection
	GlobalSection(ExtensibilityGlobals) = postSolution
		SolutionGuid = {B2B753FA-E46F-4812-A2DB-1E15CF96804B}
	EndGlobalSection
EndGlobal
